
Microsoft Visual Studio Solution File, Format Version 12.00
# Visual Studio Version 16
VisualStudioVersion = 16.0.30611.23
MinimumVisualStudioVersion = 10.0.40219.1
Project("{FAE04EC0-301F-11D3-BF4B-00C04F79EFBC}") = "CopaFilmes.Api", "src\CopaFilmes.Api\CopaFilmes.Api.csproj", "{0A0726A8-F8A7-4CF6-AEA6-36C928AEA96A}"
EndProject
Project("{FAE04EC0-301F-11D3-BF4B-00C04F79EFBC}") = "CopaFilmes.Api.Test", "tests\CopaFilmes.Api.Test\CopaFilmes.Api.Test.csproj", "{82406360-D474-4630-B713-9CEBE5E7D7EE}"
EndProject
Global
	GlobalSection(SolutionConfigurationPlatforms) = preSolution
		Debug|Any CPU = Debug|Any CPU
		Release|Any CPU = Release|Any CPU
	EndGlobalSection
	GlobalSection(ProjectConfigurationPlatforms) = postSolution
		{0A0726A8-F8A7-4CF6-AEA6-36C928AEA96A}.Debug|Any CPU.ActiveCfg = Debug|Any CPU
		{0A0726A8-F8A7-4CF6-AEA6-36C928AEA96A}.Debug|Any CPU.Build.0 = Debug|Any CPU
		{0A0726A8-F8A7-4CF6-AEA6-36C928AEA96A}.Release|Any CPU.ActiveCfg = Release|Any CPU
		{0A0726A8-F8A7-4CF6-AEA6-36C928AEA96A}.Release|Any CPU.Build.0 = Release|Any CPU
		{82406360-D474-4630-B713-9CEBE5E7D7EE}.Debug|Any CPU.ActiveCfg = Debug|Any CPU
		{82406360-D474-4630-B713-9CEBE5E7D7EE}.Debug|Any CPU.Build.0 = Debug|Any CPU
		{82406360-D474-4630-B713-9CEBE5E7D7EE}.Release|Any CPU.ActiveCfg = Release|Any CPU
		{82406360-D474-4630-B713-9CEBE5E7D7EE}.Release|Any CPU.Build.0 = Release|Any CPU
	EndGlobalSection
	GlobalSection(SolutionProperties) = preSolution
		HideSolutionNode = FALSE
	EndGlobalSection
	GlobalSection(ExtensibilityGlobals) = postSolution
		SolutionGuid = {63506D39-CB69-49EF-8172-8E429A9230FE}
	EndGlobalSection
EndGlobal
